
Microsoft Visual Studio Solution File, Format Version 12.00
Project("{FAE04EC0-301F-11D3-BF4B-00C04F79EFBC}") = "kpo_2", "kpo_2.csproj", "{62BB07A5-C609-4C96-90EE-24C06909623B}"
EndProject
Global
	GlobalSection(SolutionConfigurationPlatforms) = preSolution
		Debug|Any CPU = Debug|Any CPU
		Release|Any CPU = Release|Any CPU
	EndGlobalSection
	GlobalSection(ProjectConfigurationPlatforms) = postSolution
		{62BB07A5-C609-4C96-90EE-24C06909623B}.Debug|Any CPU.ActiveCfg = Debug|Any CPU
		{62BB07A5-C609-4C96-90EE-24C06909623B}.Debug|Any CPU.Build.0 = Debug|Any CPU
		{62BB07A5-C609-4C96-90EE-24C06909623B}.Release|Any CPU.ActiveCfg = Release|Any CPU
		{62BB07A5-C609-4C96-90EE-24C06909623B}.Release|Any CPU.Build.0 = Release|Any CPU
	EndGlobalSection
EndGlobal
